
Microsoft Visual Studio Solution File, Format Version 12.00
# Visual Studio 15
VisualStudioVersion = 15.0.27428.2027
MinimumVisualStudioVersion = 10.0.40219.1
Project("{9A19103F-16F7-4668-BE54-9A1E7A4F7556}") = "Stock.Web", "StockInventory\Stock.Web.csproj", "{20542188-A657-4C4F-84A3-528D84C502B7}"
EndProject
Project("{9A19103F-16F7-4668-BE54-9A1E7A4F7556}") = "Stock.Test", "Stock.Test\Stock.Test.csproj", "{C946FF51-D247-4B54-860D-716EB9506365}"
EndProject
Global
	GlobalSection(SolutionConfigurationPlatforms) = preSolution
		Debug|Any CPU = Debug|Any CPU
		Release|Any CPU = Release|Any CPU
	EndGlobalSection
	GlobalSection(ProjectConfigurationPlatforms) = postSolution
		{20542188-A657-4C4F-84A3-528D84C502B7}.Debug|Any CPU.ActiveCfg = Debug|Any CPU
		{20542188-A657-4C4F-84A3-528D84C502B7}.Debug|Any CPU.Build.0 = Debug|Any CPU
		{20542188-A657-4C4F-84A3-528D84C502B7}.Release|Any CPU.ActiveCfg = Release|Any CPU
		{20542188-A657-4C4F-84A3-528D84C502B7}.Release|Any CPU.Build.0 = Release|Any CPU
		{C946FF51-D247-4B54-860D-716EB9506365}.Debug|Any CPU.ActiveCfg = Debug|Any CPU
		{C946FF51-D247-4B54-860D-716EB9506365}.Debug|Any CPU.Build.0 = Debug|Any CPU
		{C946FF51-D247-4B54-860D-716EB9506365}.Release|Any CPU.ActiveCfg = Release|Any CPU
		{C946FF51-D247-4B54-860D-716EB9506365}.Release|Any CPU.Build.0 = Release|Any CPU
	EndGlobalSection
	GlobalSection(SolutionProperties) = preSolution
		HideSolutionNode = FALSE
	EndGlobalSection
	GlobalSection(ExtensibilityGlobals) = postSolution
		SolutionGuid = {D014DA0E-41BD-41C1-A99C-BA9D9CE45DF8}
	EndGlobalSection
EndGlobal
